
Microsoft Visual Studio Solution File, Format Version 12.00
# Visual Studio 15
VisualStudioVersion = 15.0.27703.2042
MinimumVisualStudioVersion = 10.0.40219.1
Project("{9A19103F-16F7-4668-BE54-9A1E7A4F7556}") = "Withyun.Core", "Withyun.Core\Withyun.Core.csproj", "{3DAD2F78-237F-45AF-AFB1-19BCECC359CB}"
EndProject
Project("{9A19103F-16F7-4668-BE54-9A1E7A4F7556}") = "Withyun.Infrastructure", "Withyun.Infrastructure\Withyun.Infrastructure.csproj", "{5477E041-E94B-4403-A183-D76BA732B112}"
EndProject
Project("{9A19103F-16F7-4668-BE54-9A1E7A4F7556}") = "Withyun.Web", "Withyun.Web\Withyun.Web.csproj", "{A81E9C29-C391-41ED-BDA5-933F1424DD6D}"
EndProject
Project("{FAE04EC0-301F-11D3-BF4B-00C04F79EFBC}") = "UploadImage", "UploadImage\UploadImage.csproj", "{BFC7B0A0-F8A5-4EF4-866F-E0B7474FCF93}"
EndProject
Global
	GlobalSection(SolutionConfigurationPlatforms) = preSolution
		Debug|Any CPU = Debug|Any CPU
		Release|Any CPU = Release|Any CPU
	EndGlobalSection
	GlobalSection(ProjectConfigurationPlatforms) = postSolution
		{3DAD2F78-237F-45AF-AFB1-19BCECC359CB}.Debug|Any CPU.ActiveCfg = Debug|Any CPU
		{3DAD2F78-237F-45AF-AFB1-19BCECC359CB}.Debug|Any CPU.Build.0 = Debug|Any CPU
		{3DAD2F78-237F-45AF-AFB1-19BCECC359CB}.Release|Any CPU.ActiveCfg = Release|Any CPU
		{3DAD2F78-237F-45AF-AFB1-19BCECC359CB}.Release|Any CPU.Build.0 = Release|Any CPU
		{5477E041-E94B-4403-A183-D76BA732B112}.Debug|Any CPU.ActiveCfg = Debug|Any CPU
		{5477E041-E94B-4403-A183-D76BA732B112}.Debug|Any CPU.Build.0 = Debug|Any CPU
		{5477E041-E94B-4403-A183-D76BA732B112}.Release|Any CPU.ActiveCfg = Release|Any CPU
		{5477E041-E94B-4403-A183-D76BA732B112}.Release|Any CPU.Build.0 = Release|Any CPU
		{A81E9C29-C391-41ED-BDA5-933F1424DD6D}.Debug|Any CPU.ActiveCfg = Debug|Any CPU
		{A81E9C29-C391-41ED-BDA5-933F1424DD6D}.Debug|Any CPU.Build.0 = Debug|Any CPU
		{A81E9C29-C391-41ED-BDA5-933F1424DD6D}.Release|Any CPU.ActiveCfg = Release|Any CPU
		{A81E9C29-C391-41ED-BDA5-933F1424DD6D}.Release|Any CPU.Build.0 = Release|Any CPU
		{BFC7B0A0-F8A5-4EF4-866F-E0B7474FCF93}.Debug|Any CPU.ActiveCfg = Debug|Any CPU
		{BFC7B0A0-F8A5-4EF4-866F-E0B7474FCF93}.Debug|Any CPU.Build.0 = Debug|Any CPU
		{BFC7B0A0-F8A5-4EF4-866F-E0B7474FCF93}.Release|Any CPU.ActiveCfg = Release|Any CPU
		{BFC7B0A0-F8A5-4EF4-866F-E0B7474FCF93}.Release|Any CPU.Build.0 = Release|Any CPU
	EndGlobalSection
	GlobalSection(SolutionProperties) = preSolution
		HideSolutionNode = FALSE
	EndGlobalSection
	GlobalSection(ExtensibilityGlobals) = postSolution
		SolutionGuid = {3A62F4C2-BBA4-49FD-A1F4-D8D8D2876975}
	EndGlobalSection
EndGlobal
