
Microsoft Visual Studio Solution File, Format Version 12.00
# Visual Studio 15
VisualStudioVersion = 15.0.26430.4
MinimumVisualStudioVersion = 10.0.40219.1
Project("{FAE04EC0-301F-11D3-BF4B-00C04F79EFBC}") = "Withyun", "Withyun\Withyun.csproj", "{34F0E0E2-5AE0-4855-BAAD-BF25322B5D09}"
EndProject
Project("{FAE04EC0-301F-11D3-BF4B-00C04F79EFBC}") = "Domain", "Domain\Domain.csproj", "{B00E8918-3A1D-40F8-AF02-E020F9648721}"
EndProject
Project("{FAE04EC0-301F-11D3-BF4B-00C04F79EFBC}") = "UploadImage", "UploadImage\UploadImage.csproj", "{69127949-3E6D-467A-BB3B-910BB32A5F23}"
EndProject
Project("{FAE04EC0-301F-11D3-BF4B-00C04F79EFBC}") = "CommonCrawler", "CommonCrawler\CommonCrawler.csproj", "{42778CBD-F39B-4752-85AA-482F76DC4788}"
EndProject
Project("{FAE04EC0-301F-11D3-BF4B-00C04F79EFBC}") = "UpdateImageUrlClientService", "UpdateImageUrlClientService\UpdateImageUrlClientService.csproj", "{C122FB0D-A7D9-4179-B357-69E6D8EEB2B4}"
EndProject
Project("{FAE04EC0-301F-11D3-BF4B-00C04F79EFBC}") = "UpdateImageUrlServerService", "UpdateImageUrlServerService\UpdateImageUrlServerService.csproj", "{517C849F-ADCC-4B9F-B006-28234932ADEE}"
EndProject
Project("{FAE04EC0-301F-11D3-BF4B-00C04F79EFBC}") = "NLogUtility", "NLogUtility\NLogUtility.csproj", "{97A0C020-E020-46DE-94C9-12F80CD9732F}"
EndProject
Project("{FAE04EC0-301F-11D3-BF4B-00C04F79EFBC}") = "DailyCrawlerService", "DailyCrawlerService\DailyCrawlerService.csproj", "{9DEC9E95-DEAC-4170-8583-C3CE3190EC69}"
EndProject
Project("{FAE04EC0-301F-11D3-BF4B-00C04F79EFBC}") = "DailyCrawler", "DailyCrawler\DailyCrawler.csproj", "{3725334B-B255-40A2-8FBC-74F8634B022C}"
EndProject
Project("{FAE04EC0-301F-11D3-BF4B-00C04F79EFBC}") = "DailyCrawlerConsole", "DailyCrawlerConsole\DailyCrawlerConsole.csproj", "{EB222A9B-3BC7-47D6-AE99-43195F1664EC}"
EndProject
Global
	GlobalSection(SolutionConfigurationPlatforms) = preSolution
		Debug|Any CPU = Debug|Any CPU
		Release|Any CPU = Release|Any CPU
	EndGlobalSection
	GlobalSection(ProjectConfigurationPlatforms) = postSolution
		{34F0E0E2-5AE0-4855-BAAD-BF25322B5D09}.Debug|Any CPU.ActiveCfg = Debug|Any CPU
		{34F0E0E2-5AE0-4855-BAAD-BF25322B5D09}.Debug|Any CPU.Build.0 = Debug|Any CPU
		{34F0E0E2-5AE0-4855-BAAD-BF25322B5D09}.Release|Any CPU.ActiveCfg = Release|Any CPU
		{34F0E0E2-5AE0-4855-BAAD-BF25322B5D09}.Release|Any CPU.Build.0 = Release|Any CPU
		{B00E8918-3A1D-40F8-AF02-E020F9648721}.Debug|Any CPU.ActiveCfg = Debug|Any CPU
		{B00E8918-3A1D-40F8-AF02-E020F9648721}.Debug|Any CPU.Build.0 = Debug|Any CPU
		{B00E8918-3A1D-40F8-AF02-E020F9648721}.Release|Any CPU.ActiveCfg = Release|Any CPU
		{B00E8918-3A1D-40F8-AF02-E020F9648721}.Release|Any CPU.Build.0 = Release|Any CPU
		{69127949-3E6D-467A-BB3B-910BB32A5F23}.Debug|Any CPU.ActiveCfg = Debug|Any CPU
		{69127949-3E6D-467A-BB3B-910BB32A5F23}.Debug|Any CPU.Build.0 = Debug|Any CPU
		{69127949-3E6D-467A-BB3B-910BB32A5F23}.Release|Any CPU.ActiveCfg = Release|Any CPU
		{69127949-3E6D-467A-BB3B-910BB32A5F23}.Release|Any CPU.Build.0 = Release|Any CPU
		{42778CBD-F39B-4752-85AA-482F76DC4788}.Debug|Any CPU.ActiveCfg = Debug|Any CPU
		{42778CBD-F39B-4752-85AA-482F76DC4788}.Debug|Any CPU.Build.0 = Debug|Any CPU
		{42778CBD-F39B-4752-85AA-482F76DC4788}.Release|Any CPU.ActiveCfg = Release|Any CPU
		{42778CBD-F39B-4752-85AA-482F76DC4788}.Release|Any CPU.Build.0 = Release|Any CPU
		{C122FB0D-A7D9-4179-B357-69E6D8EEB2B4}.Debug|Any CPU.ActiveCfg = Debug|Any CPU
		{C122FB0D-A7D9-4179-B357-69E6D8EEB2B4}.Debug|Any CPU.Build.0 = Debug|Any CPU
		{C122FB0D-A7D9-4179-B357-69E6D8EEB2B4}.Release|Any CPU.ActiveCfg = Release|Any CPU
		{C122FB0D-A7D9-4179-B357-69E6D8EEB2B4}.Release|Any CPU.Build.0 = Release|Any CPU
		{517C849F-ADCC-4B9F-B006-28234932ADEE}.Debug|Any CPU.ActiveCfg = Debug|Any CPU
		{517C849F-ADCC-4B9F-B006-28234932ADEE}.Debug|Any CPU.Build.0 = Debug|Any CPU
		{517C849F-ADCC-4B9F-B006-28234932ADEE}.Release|Any CPU.ActiveCfg = Release|Any CPU
		{517C849F-ADCC-4B9F-B006-28234932ADEE}.Release|Any CPU.Build.0 = Release|Any CPU
		{97A0C020-E020-46DE-94C9-12F80CD9732F}.Debug|Any CPU.ActiveCfg = Debug|Any CPU
		{97A0C020-E020-46DE-94C9-12F80CD9732F}.Debug|Any CPU.Build.0 = Debug|Any CPU
		{97A0C020-E020-46DE-94C9-12F80CD9732F}.Release|Any CPU.ActiveCfg = Release|Any CPU
		{97A0C020-E020-46DE-94C9-12F80CD9732F}.Release|Any CPU.Build.0 = Release|Any CPU
		{9DEC9E95-DEAC-4170-8583-C3CE3190EC69}.Debug|Any CPU.ActiveCfg = Debug|Any CPU
		{9DEC9E95-DEAC-4170-8583-C3CE3190EC69}.Debug|Any CPU.Build.0 = Debug|Any CPU
		{9DEC9E95-DEAC-4170-8583-C3CE3190EC69}.Release|Any CPU.ActiveCfg = Release|Any CPU
		{9DEC9E95-DEAC-4170-8583-C3CE3190EC69}.Release|Any CPU.Build.0 = Release|Any CPU
		{3725334B-B255-40A2-8FBC-74F8634B022C}.Debug|Any CPU.ActiveCfg = Debug|Any CPU
		{3725334B-B255-40A2-8FBC-74F8634B022C}.Debug|Any CPU.Build.0 = Debug|Any CPU
		{3725334B-B255-40A2-8FBC-74F8634B022C}.Release|Any CPU.ActiveCfg = Release|Any CPU
		{3725334B-B255-40A2-8FBC-74F8634B022C}.Release|Any CPU.Build.0 = Release|Any CPU
		{EB222A9B-3BC7-47D6-AE99-43195F1664EC}.Debug|Any CPU.ActiveCfg = Debug|Any CPU
		{EB222A9B-3BC7-47D6-AE99-43195F1664EC}.Debug|Any CPU.Build.0 = Debug|Any CPU
		{EB222A9B-3BC7-47D6-AE99-43195F1664EC}.Release|Any CPU.ActiveCfg = Release|Any CPU
		{EB222A9B-3BC7-47D6-AE99-43195F1664EC}.Release|Any CPU.Build.0 = Release|Any CPU
	EndGlobalSection
	GlobalSection(SolutionProperties) = preSolution
		HideSolutionNode = FALSE
	EndGlobalSection
EndGlobal
